
Microsoft Visual Studio Solution File, Format Version 12.00
# Visual Studio Version 17
VisualStudioVersion = 17.10.35122.118
MinimumVisualStudioVersion = 10.0.40219.1
Project("{FAE04EC0-301F-11D3-BF4B-00C04F79EFBC}") = "DemoApp", "DemoApp\DemoApp.csproj", "{3FCB780B-9606-4E9C-8C7C-2629C6293518}"
EndProject
Global
	GlobalSection(SolutionConfigurationPlatforms) = preSolution
		Debug|Any CPU = Debug|Any CPU
		Release|Any CPU = Release|Any CPU
	EndGlobalSection
	GlobalSection(ProjectConfigurationPlatforms) = postSolution
		{3FCB780B-9606-4E9C-8C7C-2629C6293518}.Debug|Any CPU.ActiveCfg = Debug|Any CPU
		{3FCB780B-9606-4E9C-8C7C-2629C6293518}.Debug|Any CPU.Build.0 = Debug|Any CPU
		{3FCB780B-9606-4E9C-8C7C-2629C6293518}.Release|Any CPU.ActiveCfg = Release|Any CPU
		{3FCB780B-9606-4E9C-8C7C-2629C6293518}.Release|Any CPU.Build.0 = Release|Any CPU
	EndGlobalSection
	GlobalSection(SolutionProperties) = preSolution
		HideSolutionNode = FALSE
	EndGlobalSection
	GlobalSection(ExtensibilityGlobals) = postSolution
		SolutionGuid = {F523789E-A4E9-4899-A19B-23F8E347F252}
	EndGlobalSection
EndGlobal
